
Microsoft Visual Studio Solution File, Format Version 12.00
# Visual Studio Version 17
VisualStudioVersion = 17.4.33403.182
MinimumVisualStudioVersion = 10.0.40219.1
Project("{FAE04EC0-301F-11D3-BF4B-00C04F79EFBC}") = "GitHubAccess", "GitHubAccess\GitHubAccess.csproj", "{51F586DB-7914-4425-8E82-37B5934726C9}"
EndProject
Project("{FAE04EC0-301F-11D3-BF4B-00C04F79EFBC}") = "GitHubAccess.Infra", "GitHubAccess.Infra\GitHubAccess.Infra.csproj", "{1498A438-07E3-40C3-8AC4-B140698F195A}"
EndProject
Project("{FAE04EC0-301F-11D3-BF4B-00C04F79EFBC}") = "GitHubAccess.Dominio", "GitHubAccess.Dominio\GitHubAccess.Dominio.csproj", "{73E57E65-40EE-4C29-904F-59231DB3E279}"
EndProject
Project("{FAE04EC0-301F-11D3-BF4B-00C04F79EFBC}") = "GitHubAccess.Base", "GitHubAccess.Base\GitHubAccess.Base.csproj", "{21FEFD52-A70D-4F5D-9B29-C9AAF0F36CCC}"
EndProject
Global
	GlobalSection(SolutionConfigurationPlatforms) = preSolution
		Debug|Any CPU = Debug|Any CPU
		Release|Any CPU = Release|Any CPU
	EndGlobalSection
	GlobalSection(ProjectConfigurationPlatforms) = postSolution
		{51F586DB-7914-4425-8E82-37B5934726C9}.Debug|Any CPU.ActiveCfg = Debug|Any CPU
		{51F586DB-7914-4425-8E82-37B5934726C9}.Debug|Any CPU.Build.0 = Debug|Any CPU
		{51F586DB-7914-4425-8E82-37B5934726C9}.Release|Any CPU.ActiveCfg = Release|Any CPU
		{51F586DB-7914-4425-8E82-37B5934726C9}.Release|Any CPU.Build.0 = Release|Any CPU
		{1498A438-07E3-40C3-8AC4-B140698F195A}.Debug|Any CPU.ActiveCfg = Debug|Any CPU
		{1498A438-07E3-40C3-8AC4-B140698F195A}.Debug|Any CPU.Build.0 = Debug|Any CPU
		{1498A438-07E3-40C3-8AC4-B140698F195A}.Release|Any CPU.ActiveCfg = Release|Any CPU
		{1498A438-07E3-40C3-8AC4-B140698F195A}.Release|Any CPU.Build.0 = Release|Any CPU
		{73E57E65-40EE-4C29-904F-59231DB3E279}.Debug|Any CPU.ActiveCfg = Debug|Any CPU
		{73E57E65-40EE-4C29-904F-59231DB3E279}.Debug|Any CPU.Build.0 = Debug|Any CPU
		{73E57E65-40EE-4C29-904F-59231DB3E279}.Release|Any CPU.ActiveCfg = Release|Any CPU
		{73E57E65-40EE-4C29-904F-59231DB3E279}.Release|Any CPU.Build.0 = Release|Any CPU
		{21FEFD52-A70D-4F5D-9B29-C9AAF0F36CCC}.Debug|Any CPU.ActiveCfg = Debug|Any CPU
		{21FEFD52-A70D-4F5D-9B29-C9AAF0F36CCC}.Debug|Any CPU.Build.0 = Debug|Any CPU
		{21FEFD52-A70D-4F5D-9B29-C9AAF0F36CCC}.Release|Any CPU.ActiveCfg = Release|Any CPU
		{21FEFD52-A70D-4F5D-9B29-C9AAF0F36CCC}.Release|Any CPU.Build.0 = Release|Any CPU
	EndGlobalSection
	GlobalSection(SolutionProperties) = preSolution
		HideSolutionNode = FALSE
	EndGlobalSection
	GlobalSection(ExtensibilityGlobals) = postSolution
		SolutionGuid = {1968A267-962D-4861-B21E-10263A1BAAE9}
	EndGlobalSection
EndGlobal
